
Microsoft Visual Studio Solution File, Format Version 12.00
# Visual Studio Version 17
VisualStudioVersion = 17.0.31903.59
MinimumVisualStudioVersion = 10.0.40219.1
Project("{FAE04EC0-301F-11D3-BF4B-00C04F79EFBC}") = "iLockerMQTT.DomainModels", "iLockerMQTT.DomainModels\iLockerMQTT.DomainModels.csproj", "{68D92A03-A17A-46DE-9E08-4ED405E9F7C5}"
EndProject
Project("{FAE04EC0-301F-11D3-BF4B-00C04F79EFBC}") = "iLockerMQTT.Client", "iLockerMQTT.Client\iLockerMQTT.Client.csproj", "{2A4DB67B-15E3-418B-85E1-B49ABB2C716F}"
EndProject
Global
	GlobalSection(SolutionConfigurationPlatforms) = preSolution
		Debug|Any CPU = Debug|Any CPU
		Release|Any CPU = Release|Any CPU
	EndGlobalSection
	GlobalSection(SolutionProperties) = preSolution
		HideSolutionNode = FALSE
	EndGlobalSection
	GlobalSection(ProjectConfigurationPlatforms) = postSolution
		{68D92A03-A17A-46DE-9E08-4ED405E9F7C5}.Debug|Any CPU.ActiveCfg = Debug|Any CPU
		{68D92A03-A17A-46DE-9E08-4ED405E9F7C5}.Debug|Any CPU.Build.0 = Debug|Any CPU
		{68D92A03-A17A-46DE-9E08-4ED405E9F7C5}.Release|Any CPU.ActiveCfg = Release|Any CPU
		{68D92A03-A17A-46DE-9E08-4ED405E9F7C5}.Release|Any CPU.Build.0 = Release|Any CPU
		{2A4DB67B-15E3-418B-85E1-B49ABB2C716F}.Debug|Any CPU.ActiveCfg = Debug|Any CPU
		{2A4DB67B-15E3-418B-85E1-B49ABB2C716F}.Debug|Any CPU.Build.0 = Debug|Any CPU
		{2A4DB67B-15E3-418B-85E1-B49ABB2C716F}.Release|Any CPU.ActiveCfg = Release|Any CPU
		{2A4DB67B-15E3-418B-85E1-B49ABB2C716F}.Release|Any CPU.Build.0 = Release|Any CPU
	EndGlobalSection
EndGlobal
